{
  "name": "mdh10",
  "version": "1.0.0",
  "lockfileVersion": 1,
  "requires": true,
  "dependencies": {
    "@toast-ui/toastmark": {
      "version": "0.0.1-alpha.1",
      "resolved": "https://registry.npmjs.org/@toast-ui/toastmark/-/toastmark-0.0.1-alpha.1.tgz",
      "integrity": "sha512-DhjWKwZybsYC8YtHWR2252hbr6qB26wgH6PCLX7GhH1DVnbNAVvpDyCscC+8XwKvzocHenBMgc7oeIjZIqe3Qw=="
    },
    "commander": {
      "version": "6.2.1",
      "resolved": "https://registry.npmjs.org/commander/-/commander-6.2.1.tgz",
      "integrity": "sha512-U7VdrJFnJgo4xjrHpTzu0yrHPGImdsmD95ZlgYSEajAn2JKzDhDTPG9kBTefmObL2w/ngeZnilk+OV9CG3d7UA=="
    },
    "katex": {
      "version": "0.13.18",
      "resolved": "https://registry.npmjs.org/katex/-/katex-0.13.18.tgz",
      "integrity": "sha512-a3dC4NSVSDU3O1WZbTnOiA8rVNJ2lSiomOl0kmckCIGObccIHXof7gAseIY0o1gjEspe+34ZeSEX2D1ChFKIvA==",
      "requires": {
        "commander": "^6.0.0"
      }
    }
  }
}
